
Microsoft Visual Studio Solution File, Format Version 12.00
# Visual Studio Version 16
VisualStudioVersion = 16.0.29102.190
MinimumVisualStudioVersion = 10.0.40219.1
Project("{FAE04EC0-301F-11D3-BF4B-00C04F79EFBC}") = "MayChamCong", "MayChamCong\MayChamCong.csproj", "{EF6B5754-6B86-4D5E-9483-AE2FE92ACDFB}"
EndProject
Global
	GlobalSection(SolutionConfigurationPlatforms) = preSolution
		Debug|Any CPU = Debug|Any CPU
		Release|Any CPU = Release|Any CPU
	EndGlobalSection
	GlobalSection(ProjectConfigurationPlatforms) = postSolution
		{EF6B5754-6B86-4D5E-9483-AE2FE92ACDFB}.Debug|Any CPU.ActiveCfg = Debug|Any CPU
		{EF6B5754-6B86-4D5E-9483-AE2FE92ACDFB}.Debug|Any CPU.Build.0 = Debug|Any CPU
		{EF6B5754-6B86-4D5E-9483-AE2FE92ACDFB}.Release|Any CPU.ActiveCfg = Release|Any CPU
		{EF6B5754-6B86-4D5E-9483-AE2FE92ACDFB}.Release|Any CPU.Build.0 = Release|Any CPU
	EndGlobalSection
	GlobalSection(SolutionProperties) = preSolution
		HideSolutionNode = FALSE
	EndGlobalSection
	GlobalSection(ExtensibilityGlobals) = postSolution
		SolutionGuid = {091A9CB2-AF77-4E2F-BD83-95F18C47A1CC}
	EndGlobalSection
EndGlobal
